
Microsoft Visual Studio Solution File, Format Version 12.00
# Visual Studio 15
VisualStudioVersion = 15.0.28307.421
MinimumVisualStudioVersion = 10.0.40219.1
Project("{FAE04EC0-301F-11D3-BF4B-00C04F79EFBC}") = "ProxyServer", "ProxyServer\ProxyServer.csproj", "{658FA979-226A-4D6C-8D08-5CE1055A5C1B}"
EndProject
Global
	GlobalSection(SolutionConfigurationPlatforms) = preSolution
		Debug|Any CPU = Debug|Any CPU
		Release|Any CPU = Release|Any CPU
	EndGlobalSection
	GlobalSection(ProjectConfigurationPlatforms) = postSolution
		{658FA979-226A-4D6C-8D08-5CE1055A5C1B}.Debug|Any CPU.ActiveCfg = Debug|Any CPU
		{658FA979-226A-4D6C-8D08-5CE1055A5C1B}.Debug|Any CPU.Build.0 = Debug|Any CPU
		{658FA979-226A-4D6C-8D08-5CE1055A5C1B}.Release|Any CPU.ActiveCfg = Release|Any CPU
		{658FA979-226A-4D6C-8D08-5CE1055A5C1B}.Release|Any CPU.Build.0 = Release|Any CPU
	EndGlobalSection
	GlobalSection(SolutionProperties) = preSolution
		HideSolutionNode = FALSE
	EndGlobalSection
	GlobalSection(ExtensibilityGlobals) = postSolution
		SolutionGuid = {6D57A6AE-FC85-4C29-99EB-42A2F0107D4C}
	EndGlobalSection
EndGlobal
